
Microsoft Visual Studio Solution File, Format Version 12.00
# Visual Studio 15
VisualStudioVersion = 15.0.27428.2005
MinimumVisualStudioVersion = 10.0.40219.1
Project("{FAE04EC0-301F-11D3-BF4B-00C04F79EFBC}") = "ProxWatch", "ProxWatch\ProxWatch.csproj", "{84293BB1-5FC3-4434-914B-ACC6D2A85130}"
EndProject
Global
	GlobalSection(SolutionConfigurationPlatforms) = preSolution
		Debug|Any CPU = Debug|Any CPU
		Release|Any CPU = Release|Any CPU
	EndGlobalSection
	GlobalSection(ProjectConfigurationPlatforms) = postSolution
		{84293BB1-5FC3-4434-914B-ACC6D2A85130}.Debug|Any CPU.ActiveCfg = Debug|Any CPU
		{84293BB1-5FC3-4434-914B-ACC6D2A85130}.Debug|Any CPU.Build.0 = Debug|Any CPU
		{84293BB1-5FC3-4434-914B-ACC6D2A85130}.Release|Any CPU.ActiveCfg = Release|Any CPU
		{84293BB1-5FC3-4434-914B-ACC6D2A85130}.Release|Any CPU.Build.0 = Release|Any CPU
	EndGlobalSection
	GlobalSection(SolutionProperties) = preSolution
		HideSolutionNode = FALSE
	EndGlobalSection
	GlobalSection(ExtensibilityGlobals) = postSolution
		SolutionGuid = {05161223-B647-4590-BDC9-CDFCFB49CC26}
	EndGlobalSection
EndGlobal
